
Microsoft Visual Studio Solution File, Format Version 12.00
# Visual Studio Version 17
VisualStudioVersion = 17.2.32630.192
MinimumVisualStudioVersion = 10.0.40219.1
Project("{9A19103F-16F7-4668-BE54-9A1E7A4F7556}") = "BlazorApplication", "BlazorApplication\BlazorApplication.csproj", "{104318F0-CDE3-4BF9-9A92-57C8EA68C931}"
EndProject
Global
	GlobalSection(SolutionConfigurationPlatforms) = preSolution
		Debug|Any CPU = Debug|Any CPU
		Release|Any CPU = Release|Any CPU
	EndGlobalSection
	GlobalSection(ProjectConfigurationPlatforms) = postSolution
		{104318F0-CDE3-4BF9-9A92-57C8EA68C931}.Debug|Any CPU.ActiveCfg = Debug|Any CPU
		{104318F0-CDE3-4BF9-9A92-57C8EA68C931}.Debug|Any CPU.Build.0 = Debug|Any CPU
		{104318F0-CDE3-4BF9-9A92-57C8EA68C931}.Release|Any CPU.ActiveCfg = Release|Any CPU
		{104318F0-CDE3-4BF9-9A92-57C8EA68C931}.Release|Any CPU.Build.0 = Release|Any CPU
	EndGlobalSection
	GlobalSection(SolutionProperties) = preSolution
		HideSolutionNode = FALSE
	EndGlobalSection
	GlobalSection(ExtensibilityGlobals) = postSolution
		SolutionGuid = {5CD2D934-ED9E-40F6-9579-D89DE451792C}
	EndGlobalSection
EndGlobal
